
Microsoft Visual Studio Solution File, Format Version 12.00
# Visual Studio Version 16
VisualStudioVersion = 16.0.29709.97
MinimumVisualStudioVersion = 10.0.40219.1
Project("{888888A0-9F3D-457C-B088-3A5042F75D52}") = "butterflies", "butterflies\butterflies.pyproj", "{8BF0B757-87B1-4D99-8E7D-D066262E40FB}"
EndProject
Global
	GlobalSection(SolutionConfigurationPlatforms) = preSolution
		Debug|Any CPU = Debug|Any CPU
		Release|Any CPU = Release|Any CPU
	EndGlobalSection
	GlobalSection(ProjectConfigurationPlatforms) = postSolution
		{8BF0B757-87B1-4D99-8E7D-D066262E40FB}.Debug|Any CPU.ActiveCfg = Debug|Any CPU
		{8BF0B757-87B1-4D99-8E7D-D066262E40FB}.Release|Any CPU.ActiveCfg = Release|Any CPU
	EndGlobalSection
	GlobalSection(SolutionProperties) = preSolution
		HideSolutionNode = FALSE
	EndGlobalSection
	GlobalSection(ExtensibilityGlobals) = postSolution
		SolutionGuid = {30A30826-3D2E-4848-9366-96C03500B5EF}
	EndGlobalSection
EndGlobal
